
Microsoft Visual Studio Solution File, Format Version 12.00
# Visual Studio Version 17
VisualStudioVersion = 17.0.31903.59
MinimumVisualStudioVersion = 10.0.40219.1
Project("{2150E333-8FDC-42A3-9474-1A3956D46DE8}") = "Additional Items", "Additional Items", "{5C0530DD-BDB5-4D30-8A03-3E6DED0A75F3}"
	ProjectSection(SolutionItems) = preProject
		..\.editorconfig = ..\.editorconfig
		..\.gitattributes = ..\.gitattributes
		..\.gitignore = ..\.gitignore
		Directory.Build.props = Directory.Build.props
		Frutti.sln.DotSettings = Frutti.sln.DotSettings
	EndProjectSection
EndProject
Project("{FAE04EC0-301F-11D3-BF4B-00C04F79EFBC}") = "Frutti.Game", "game\Frutti.Game.csproj", "{02CBB958-9E16-45EF-97CB-7BFCD0209B55}"
EndProject
Project("{FAE04EC0-301F-11D3-BF4B-00C04F79EFBC}") = "Frutti.Game.Resources", "resources\Frutti.Game.Resources.csproj", "{42426C7D-64FF-4C8A-AF97-5D39CB074670}"
EndProject
Project("{2150E333-8FDC-42A3-9474-1A3956D46DE8}") = "Tests", "Tests", "{37D3891D-0546-4E77-B062-9947D075366B}"
EndProject
Project("{FAE04EC0-301F-11D3-BF4B-00C04F79EFBC}") = "Frutti.Game.Tests", "tests\game\Frutti.Game.Tests.csproj", "{A38A7485-6FAD-4D53-BA7C-E8FE265AB838}"
EndProject
Project("{2150E333-8FDC-42A3-9474-1A3956D46DE8}") = "Platforms", "Platforms", "{30D10A7D-7EF6-4548-9257-D57F7FBB78BB}"
EndProject
Project("{FAE04EC0-301F-11D3-BF4B-00C04F79EFBC}") = "Frutti.Desktop", "platforms\desktop\Frutti.Desktop.csproj", "{6666F78A-D02A-459A-A38D-337E82DB939F}"
EndProject
Project("{2150E333-8FDC-42A3-9474-1A3956D46DE8}") = "Network", "Network", "{02EA681E-C7D8-13C7-8484-4AC65E1B71E8}"
EndProject
Project("{FAE04EC0-301F-11D3-BF4B-00C04F79EFBC}") = "Frutti.Server", "network\server\Frutti.Server.csproj", "{E3A425F0-0286-22BC-A79D-7D9912F852F8}"
EndProject
Project("{FAE04EC0-301F-11D3-BF4B-00C04F79EFBC}") = "Frutti.Server.Application", "network\application\Frutti.Server.Application.csproj", "{70935924-E0BE-D077-26C3-19F0EF9C5302}"
EndProject
Project("{FAE04EC0-301F-11D3-BF4B-00C04F79EFBC}") = "Frutti.Server.Infrastructure", "network\infrastructure\Frutti.Server.Infrastructure.csproj", "{FB51499C-4503-20A2-4493-37F65DCB9FDC}"
EndProject
Project("{FAE04EC0-301F-11D3-BF4B-00C04F79EFBC}") = "Frutti.Server.Domain", "network\domain\Frutti.Server.Domain.csproj", "{3C7400AE-FF52-80DE-6031-A7C3F6E50CD9}"
EndProject
Global
	GlobalSection(SolutionConfigurationPlatforms) = preSolution
		Debug|Any CPU = Debug|Any CPU
		Release|Any CPU = Release|Any CPU
	EndGlobalSection
	GlobalSection(ProjectConfigurationPlatforms) = postSolution
		{02CBB958-9E16-45EF-97CB-7BFCD0209B55}.Debug|Any CPU.ActiveCfg = Debug|Any CPU
		{02CBB958-9E16-45EF-97CB-7BFCD0209B55}.Debug|Any CPU.Build.0 = Debug|Any CPU
		{02CBB958-9E16-45EF-97CB-7BFCD0209B55}.Release|Any CPU.ActiveCfg = Release|Any CPU
		{02CBB958-9E16-45EF-97CB-7BFCD0209B55}.Release|Any CPU.Build.0 = Release|Any CPU
		{42426C7D-64FF-4C8A-AF97-5D39CB074670}.Debug|Any CPU.ActiveCfg = Debug|Any CPU
		{42426C7D-64FF-4C8A-AF97-5D39CB074670}.Debug|Any CPU.Build.0 = Debug|Any CPU
		{42426C7D-64FF-4C8A-AF97-5D39CB074670}.Release|Any CPU.ActiveCfg = Release|Any CPU
		{42426C7D-64FF-4C8A-AF97-5D39CB074670}.Release|Any CPU.Build.0 = Release|Any CPU
		{A38A7485-6FAD-4D53-BA7C-E8FE265AB838}.Debug|Any CPU.ActiveCfg = Debug|Any CPU
		{A38A7485-6FAD-4D53-BA7C-E8FE265AB838}.Debug|Any CPU.Build.0 = Debug|Any CPU
		{A38A7485-6FAD-4D53-BA7C-E8FE265AB838}.Release|Any CPU.ActiveCfg = Release|Any CPU
		{A38A7485-6FAD-4D53-BA7C-E8FE265AB838}.Release|Any CPU.Build.0 = Release|Any CPU
		{6666F78A-D02A-459A-A38D-337E82DB939F}.Debug|Any CPU.ActiveCfg = Debug|Any CPU
		{6666F78A-D02A-459A-A38D-337E82DB939F}.Debug|Any CPU.Build.0 = Debug|Any CPU
		{6666F78A-D02A-459A-A38D-337E82DB939F}.Release|Any CPU.ActiveCfg = Release|Any CPU
		{6666F78A-D02A-459A-A38D-337E82DB939F}.Release|Any CPU.Build.0 = Release|Any CPU
		{E3A425F0-0286-22BC-A79D-7D9912F852F8}.Debug|Any CPU.ActiveCfg = Debug|Any CPU
		{E3A425F0-0286-22BC-A79D-7D9912F852F8}.Debug|Any CPU.Build.0 = Debug|Any CPU
		{E3A425F0-0286-22BC-A79D-7D9912F852F8}.Release|Any CPU.ActiveCfg = Release|Any CPU
		{E3A425F0-0286-22BC-A79D-7D9912F852F8}.Release|Any CPU.Build.0 = Release|Any CPU
		{70935924-E0BE-D077-26C3-19F0EF9C5302}.Debug|Any CPU.ActiveCfg = Debug|Any CPU
		{70935924-E0BE-D077-26C3-19F0EF9C5302}.Debug|Any CPU.Build.0 = Debug|Any CPU
		{70935924-E0BE-D077-26C3-19F0EF9C5302}.Release|Any CPU.ActiveCfg = Release|Any CPU
		{70935924-E0BE-D077-26C3-19F0EF9C5302}.Release|Any CPU.Build.0 = Release|Any CPU
		{FB51499C-4503-20A2-4493-37F65DCB9FDC}.Debug|Any CPU.ActiveCfg = Debug|Any CPU
		{FB51499C-4503-20A2-4493-37F65DCB9FDC}.Debug|Any CPU.Build.0 = Debug|Any CPU
		{FB51499C-4503-20A2-4493-37F65DCB9FDC}.Release|Any CPU.ActiveCfg = Release|Any CPU
		{FB51499C-4503-20A2-4493-37F65DCB9FDC}.Release|Any CPU.Build.0 = Release|Any CPU
		{3C7400AE-FF52-80DE-6031-A7C3F6E50CD9}.Debug|Any CPU.ActiveCfg = Debug|Any CPU
		{3C7400AE-FF52-80DE-6031-A7C3F6E50CD9}.Debug|Any CPU.Build.0 = Debug|Any CPU
		{3C7400AE-FF52-80DE-6031-A7C3F6E50CD9}.Release|Any CPU.ActiveCfg = Release|Any CPU
		{3C7400AE-FF52-80DE-6031-A7C3F6E50CD9}.Release|Any CPU.Build.0 = Release|Any CPU
	EndGlobalSection
	GlobalSection(SolutionProperties) = preSolution
		HideSolutionNode = FALSE
	EndGlobalSection
	GlobalSection(NestedProjects) = preSolution
		{A38A7485-6FAD-4D53-BA7C-E8FE265AB838} = {37D3891D-0546-4E77-B062-9947D075366B}
		{6666F78A-D02A-459A-A38D-337E82DB939F} = {30D10A7D-7EF6-4548-9257-D57F7FBB78BB}
		{E3A425F0-0286-22BC-A79D-7D9912F852F8} = {02EA681E-C7D8-13C7-8484-4AC65E1B71E8}
		{70935924-E0BE-D077-26C3-19F0EF9C5302} = {02EA681E-C7D8-13C7-8484-4AC65E1B71E8}
		{FB51499C-4503-20A2-4493-37F65DCB9FDC} = {02EA681E-C7D8-13C7-8484-4AC65E1B71E8}
		{3C7400AE-FF52-80DE-6031-A7C3F6E50CD9} = {02EA681E-C7D8-13C7-8484-4AC65E1B71E8}
	EndGlobalSection
	GlobalSection(ExtensibilityGlobals) = postSolution
		SolutionGuid = {142E14DA-8A2A-4CBB-BD96-9615F643E9FE}
	EndGlobalSection
EndGlobal
