
Microsoft Visual Studio Solution File, Format Version 12.00
# Visual Studio Version 17
VisualStudioVersion = 17.0.31903.59
MinimumVisualStudioVersion = 10.0.40219.1
Project("{2150E333-8FDC-42A3-9474-1A3956D46DE8}") = "Additional Items", "Additional Items", "{5C0530DD-BDB5-4D30-8A03-3E6DED0A75F3}"
	ProjectSection(SolutionItems) = preProject
		..\.editorconfig = ..\.editorconfig
		..\.gitattributes = ..\.gitattributes
		..\.gitignore = ..\.gitignore
		Directory.Build.props = Directory.Build.props
		Frutti.sln.DotSettings = Frutti.sln.DotSettings
	EndProjectSection
EndProject
Project("{2150E333-8FDC-42A3-9474-1A3956D46DE8}") = "Client", "Client", "{2CB42F12-E813-91B3-7D11-3220E40BEF4A}"
EndProject
Project("{FAE04EC0-301F-11D3-BF4B-00C04F79EFBC}") = "Frutti.Game", "client\game\Frutti.Game.csproj", "{02CBB958-9E16-45EF-97CB-7BFCD0209B55}"
EndProject
Project("{FAE04EC0-301F-11D3-BF4B-00C04F79EFBC}") = "Frutti.Game.Resources", "client\resources\Frutti.Game.Resources.csproj", "{42426C7D-64FF-4C8A-AF97-5D39CB074670}"
EndProject
Project("{2150E333-8FDC-42A3-9474-1A3956D46DE8}") = "Tests", "Tests", "{37D3891D-0546-4E77-B062-9947D075366B}"
EndProject
Project("{FAE04EC0-301F-11D3-BF4B-00C04F79EFBC}") = "Frutti.Game.Tests", "client\tests\game\Frutti.Game.Tests.csproj", "{A38A7485-6FAD-4D53-BA7C-E8FE265AB838}"
EndProject
Project("{2150E333-8FDC-42A3-9474-1A3956D46DE8}") = "Platforms", "Platforms", "{30D10A7D-7EF6-4548-9257-D57F7FBB78BB}"
EndProject
Project("{FAE04EC0-301F-11D3-BF4B-00C04F79EFBC}") = "Frutti.Desktop", "client\platforms\desktop\Frutti.Desktop.csproj", "{6666F78A-D02A-459A-A38D-337E82DB939F}"
EndProject
Project("{2150E333-8FDC-42A3-9474-1A3956D46DE8}") = "Server", "Server", "{DAD03CFC-D5FA-AC94-41C7-9ABAB326F09E}"
EndProject
Project("{FAE04EC0-301F-11D3-BF4B-00C04F79EFBC}") = "Frutti.Server.Bootstrap", "server\bootstrap\Frutti.Server.Bootstrap.csproj", "{437DE166-C1F6-4CB6-9140-D68869A74AA8}"
EndProject
Global
	GlobalSection(SolutionConfigurationPlatforms) = preSolution
		Debug|Any CPU = Debug|Any CPU
		Release|Any CPU = Release|Any CPU
	EndGlobalSection
	GlobalSection(ProjectConfigurationPlatforms) = postSolution
		{02CBB958-9E16-45EF-97CB-7BFCD0209B55}.Debug|Any CPU.ActiveCfg = Debug|Any CPU
		{02CBB958-9E16-45EF-97CB-7BFCD0209B55}.Debug|Any CPU.Build.0 = Debug|Any CPU
		{02CBB958-9E16-45EF-97CB-7BFCD0209B55}.Release|Any CPU.ActiveCfg = Release|Any CPU
		{02CBB958-9E16-45EF-97CB-7BFCD0209B55}.Release|Any CPU.Build.0 = Release|Any CPU
		{42426C7D-64FF-4C8A-AF97-5D39CB074670}.Debug|Any CPU.ActiveCfg = Debug|Any CPU
		{42426C7D-64FF-4C8A-AF97-5D39CB074670}.Debug|Any CPU.Build.0 = Debug|Any CPU
		{42426C7D-64FF-4C8A-AF97-5D39CB074670}.Release|Any CPU.ActiveCfg = Release|Any CPU
		{42426C7D-64FF-4C8A-AF97-5D39CB074670}.Release|Any CPU.Build.0 = Release|Any CPU
		{A38A7485-6FAD-4D53-BA7C-E8FE265AB838}.Debug|Any CPU.ActiveCfg = Debug|Any CPU
		{A38A7485-6FAD-4D53-BA7C-E8FE265AB838}.Debug|Any CPU.Build.0 = Debug|Any CPU
		{A38A7485-6FAD-4D53-BA7C-E8FE265AB838}.Release|Any CPU.ActiveCfg = Release|Any CPU
		{A38A7485-6FAD-4D53-BA7C-E8FE265AB838}.Release|Any CPU.Build.0 = Release|Any CPU
		{6666F78A-D02A-459A-A38D-337E82DB939F}.Debug|Any CPU.ActiveCfg = Debug|Any CPU
		{6666F78A-D02A-459A-A38D-337E82DB939F}.Debug|Any CPU.Build.0 = Debug|Any CPU
		{6666F78A-D02A-459A-A38D-337E82DB939F}.Release|Any CPU.ActiveCfg = Release|Any CPU
		{6666F78A-D02A-459A-A38D-337E82DB939F}.Release|Any CPU.Build.0 = Release|Any CPU
		{437DE166-C1F6-4CB6-9140-D68869A74AA8}.Debug|Any CPU.ActiveCfg = Debug|Any CPU
		{437DE166-C1F6-4CB6-9140-D68869A74AA8}.Debug|Any CPU.Build.0 = Debug|Any CPU
		{437DE166-C1F6-4CB6-9140-D68869A74AA8}.Release|Any CPU.ActiveCfg = Release|Any CPU
		{437DE166-C1F6-4CB6-9140-D68869A74AA8}.Release|Any CPU.Build.0 = Release|Any CPU
	EndGlobalSection
	GlobalSection(SolutionProperties) = preSolution
		HideSolutionNode = FALSE
	EndGlobalSection
	GlobalSection(NestedProjects) = preSolution
		{02CBB958-9E16-45EF-97CB-7BFCD0209B55} = {2CB42F12-E813-91B3-7D11-3220E40BEF4A}
		{42426C7D-64FF-4C8A-AF97-5D39CB074670} = {2CB42F12-E813-91B3-7D11-3220E40BEF4A}
		{37D3891D-0546-4E77-B062-9947D075366B} = {2CB42F12-E813-91B3-7D11-3220E40BEF4A}
		{A38A7485-6FAD-4D53-BA7C-E8FE265AB838} = {37D3891D-0546-4E77-B062-9947D075366B}
		{30D10A7D-7EF6-4548-9257-D57F7FBB78BB} = {2CB42F12-E813-91B3-7D11-3220E40BEF4A}
		{6666F78A-D02A-459A-A38D-337E82DB939F} = {30D10A7D-7EF6-4548-9257-D57F7FBB78BB}
		{437DE166-C1F6-4CB6-9140-D68869A74AA8} = {DAD03CFC-D5FA-AC94-41C7-9ABAB326F09E}
	EndGlobalSection
	GlobalSection(ExtensibilityGlobals) = postSolution
		SolutionGuid = {142E14DA-8A2A-4CBB-BD96-9615F643E9FE}
	EndGlobalSection
EndGlobal
